
Microsoft Visual Studio Solution File, Format Version 12.00
# Visual Studio Version 17
VisualStudioVersion = 17.8.34511.84
MinimumVisualStudioVersion = 10.0.40219.1
Project("{FAE04EC0-301F-11D3-BF4B-00C04F79EFBC}") = "CRUDdpto.WebAPI", "CRUDdpto.WebAPI\CRUDdpto.WebAPI.csproj", "{301A702F-3FF5-4A1A-AC02-D29F33819F5B}"
EndProject
Global
	GlobalSection(SolutionConfigurationPlatforms) = preSolution
		Debug|Any CPU = Debug|Any CPU
		Release|Any CPU = Release|Any CPU
	EndGlobalSection
	GlobalSection(ProjectConfigurationPlatforms) = postSolution
		{301A702F-3FF5-4A1A-AC02-D29F33819F5B}.Debug|Any CPU.ActiveCfg = Debug|Any CPU
		{301A702F-3FF5-4A1A-AC02-D29F33819F5B}.Debug|Any CPU.Build.0 = Debug|Any CPU
		{301A702F-3FF5-4A1A-AC02-D29F33819F5B}.Release|Any CPU.ActiveCfg = Release|Any CPU
		{301A702F-3FF5-4A1A-AC02-D29F33819F5B}.Release|Any CPU.Build.0 = Release|Any CPU
	EndGlobalSection
	GlobalSection(SolutionProperties) = preSolution
		HideSolutionNode = FALSE
	EndGlobalSection
	GlobalSection(ExtensibilityGlobals) = postSolution
		SolutionGuid = {5B1448C9-7B47-45CA-B1B7-DB0FF7F15C65}
	EndGlobalSection
EndGlobal
